
Microsoft Visual Studio Solution File, Format Version 12.00
# Visual Studio Version 16
VisualStudioVersion = 16.0.31702.278
MinimumVisualStudioVersion = 10.0.40219.1
Project("{FAE04EC0-301F-11D3-BF4B-00C04F79EFBC}") = "WebSzolg", "WebSzolg\WebSzolg.csproj", "{9041B957-FF67-485E-95E6-11528EB6328A}"
EndProject
Global
	GlobalSection(SolutionConfigurationPlatforms) = preSolution
		Debug|Any CPU = Debug|Any CPU
		Release|Any CPU = Release|Any CPU
	EndGlobalSection
	GlobalSection(ProjectConfigurationPlatforms) = postSolution
		{9041B957-FF67-485E-95E6-11528EB6328A}.Debug|Any CPU.ActiveCfg = Debug|Any CPU
		{9041B957-FF67-485E-95E6-11528EB6328A}.Debug|Any CPU.Build.0 = Debug|Any CPU
		{9041B957-FF67-485E-95E6-11528EB6328A}.Release|Any CPU.ActiveCfg = Release|Any CPU
		{9041B957-FF67-485E-95E6-11528EB6328A}.Release|Any CPU.Build.0 = Release|Any CPU
	EndGlobalSection
	GlobalSection(SolutionProperties) = preSolution
		HideSolutionNode = FALSE
	EndGlobalSection
	GlobalSection(ExtensibilityGlobals) = postSolution
		SolutionGuid = {1A8461D3-14EF-42EF-B989-E1132A101005}
	EndGlobalSection
EndGlobal
